// !$*UTF8*$!
{
	archiveVersion = 1;
	classes = {
	};
	objectVersion = 46;
	objects = {

/* Begin PBXBuildFile section */
		48D90FAF1C047DD900693E17 /* AppDelegate.swift in Sources */ = {isa = PBXBuildFile; fileRef = 48D90FAE1C047DD900693E17 /* AppDelegate.swift */; };
		48D90FB11C047DD900693E17 /* ViewController.swift in Sources */ = {isa = PBXBuildFile; fileRef = 48D90FB01C047DD900693E17 /* ViewController.swift */; };
		48D90FB41C047DD900693E17 /* Main.storyboard in Resources */ = {isa = PBXBuildFile; fileRef = 48D90FB21C047DD900693E17 /* Main.storyboard */; };
		48D90FB61C047DD900693E17 /* Assets.xcassets in Resources */ = {isa = PBXBuildFile; fileRef = 48D90FB51C047DD900693E17 /* Assets.xcassets */; };
		48D90FB91C047DD900693E17 /* LaunchScreen.storyboard in Resources */ = {isa = PBXBuildFile; fileRef = 48D90FB71C047DD900693E17 /* LaunchScreen.storyboard */; };
/* End PBXBuildFile section */

/* Begin PBXFileReference section */
		48D90FAB1C047DD900693E17 /* nomi.app */ = {isa = PBXFileReference; explicitFileType = wrapper.application; includeInIndex = 0; path = nomi.app; sourceTree = BUILT_PRODUCTS_DIR; };
		48D90FAE1C047DD900693E17 /* AppDelegate.swift */ = {isa = PBXFileReference; lastKnownFileType = sourcecode.swift; path = AppDelegate.swift; sourceTree = "<group>"; };
		48D90FB01C047DD900693E17 /* ViewController.swift */ = {isa = PBXFileReference; lastKnownFileType = sourcecode.swift; path = ViewController.swift; sourceTree = "<group>"; };
		48D90FB31C047DD900693E17 /* Base */ = {isa = PBXFileReference; lastKnownFileType = file.storyboard; name = Base; path = Base.lproj/Main.storyboard; sourceTree = "<group>"; };
		48D90FB51C047DD900693E17 /* Assets.xcassets */ = {isa = PBXFileReference; lastKnownFileType = folder.assetcatalog; path = Assets.xcassets; sourceTree = "<group>"; };
		48D90FB81C047DD900693E17 /* Base */ = {isa = PBXFileReference; lastKnownFileType = file.storyboard; name = Base; path = Base.lproj/LaunchScreen.storyboard; sourceTree = "<group>"; };
		48D90FBA1C047DD900693E17 /* Info.plist */ = {isa = PBXFileReference; lastKnownFileType = text.plist.xml; path = Info.plist; sourceTree = "<group>"; };
/* End PBXFileReference section */

/* Begin PBXFrameworksBuildPhase section */
		48D90FA81C047DD900693E17 /* Frameworks */ = {
			isa = PBXFrameworksBuildPhase;
			buildActionMask = 2147483647;
			files = (
			);
			runOnlyForDeploymentPostprocessing = 0;
		};
/* End PBXFrameworksBuildPhase section */

/* Begin PBXGroup section */
		48D90FA21C047DD900693E17 = {
			isa = PBXGroup;
			children = (
				48D90FAD1C047DD900693E17 /* nomi */,
				48D90FAC1C047DD900693E17 /* Products */,
			);
			sourceTree = "<group>";
		};
		48D90FAC1C047DD900693E17 /* Products */ = {
			isa = PBXGroup;
			children = (
				48D90FAB1C047DD900693E17 /* nomi.app */,
			);
			name = Products;
			sourceTree = "<group>";
		};
		48D90FAD1C047DD900693E17 /* nomi */ = {
			isa = PBXGroup;
			children = (
				48D90FAE1C047DD900693E17 /* AppDelegate.swift */,
				48D90FB01C047DD900693E17 /* ViewController.swift */,
				48D90FB21C047DD900693E17 /* Main.storyboard */,
				48D90FB51C047DD900693E17 /* Assets.xcassets */,
				48D90FB71C047DD900693E17 /* LaunchScreen.storyboard */,
				48D90FBA1C047DD900693E17 /* Info.plist */,
			);
			path = nomi;
			sourceTree = "<group>";
		};
/* End PBXGroup section */

/* Begin PBXNativeTarget section */
		48D90FAA1C047DD900693E17 /* nomi */ = {
			isa = PBXNativeTarget;
			buildConfigurationList = 48D90FBD1C047DD900693E17 /* Build configuration list for PBXNativeTarget "nomi" */;
			buildPhases = (
				48D90FA71C047DD900693E17 /* Sources */,
				48D90FA81C047DD900693E17 /* Frameworks */,
				48D90FA91C047DD900693E17 /* Resources */,
			);
			buildRules = (
			);
			dependencies = (
			);
			name = nomi;
			productName = nomi;
			productReference = 48D90FAB1C047DD900693E17 /* nomi.app */;
			productType = "com.apple.product-type.application";
		};
/* End PBXNativeTarget section */

/* Begin PBXProject section */
		48D90FA31C047DD900693E17 /* Project object */ = {
			isa = PBXProject;
			attributes = {
				LastSwiftUpdateCheck = 0710;
				LastUpgradeCheck = 0710;
				ORGANIZATIONNAME = "Ivo Silva";
				TargetAttributes = {
					48D90FAA1C047DD900693E17 = {
						CreatedOnToolsVersion = 7.1;
					};
				};
			};
			buildConfigurationList = 48D90FA61C047DD900693E17 /* Build configuration list for PBXProject "nomi" */;
			compatibilityVersion = "Xcode 3.2";
			developmentRegion = English;
			hasScannedForEncodings = 0;
			knownRegions = (
				en,
				Base,
			);
			mainGroup = 48D90FA21C047DD900693E17;
			productRefGroup = 48D90FAC1C047DD900693E17 /* Products */;
			projectDirPath = "";
			projectRoot = "";
			targets = (
				48D90FAA1C047DD900693E17 /* nomi */,
			);
		};
/* End PBXProject section */

/* Begin PBXResourcesBuildPhase section */
		48D90FA91C047DD900693E17 /* Resources */ = {
			isa = PBXResourcesBuildPhase;
			buildActionMask = 2147483647;
			files = (
				48D90FB91C047DD900693E17 /* LaunchScreen.storyboard in Resources */,
				48D90FB61C047DD900693E17 /* Assets.xcassets in Resources */,
				48D90FB41C047DD900693E17 /* Main.storyboard in Resources */,
			);
			runOnlyForDeploymentPostprocessing = 0;
		};
/* End PBXResourcesBuildPhase section */

/* Begin PBXSourcesBuildPhase section */
		48D90FA71C047DD900693E17 /* Sources */ = {
			isa = PBXSourcesBuildPhase;
			buildActionMask = 2147483647;
			files = (
				48D90FB11C047DD900693E17 /* ViewController.swift in Sources */,
				48D90FAF1C047DD900693E17 /* AppDelegate.swift in Sources */,
			);
			runOnlyForDeploymentPostprocessing = 0;
		};
/* End PBXSourcesBuildPhase section */

/* Begin PBXVariantGroup section */
		48D90FB21C047DD900693E17 /* Main.storyboard */ = {
			isa = PBXVariantGroup;
			children = (
				48D90FB31C047DD900693E17 /* Base */,
			);
			name = Main.storyboard;
			sourceTree = "<group>";
		};
		48D90FB71C047DD900693E17 /* LaunchScreen.storyboard */ = {
			isa = PBXVariantGroup;
			children = (
				48D90FB81C047DD900693E17 /* Base */,
			);
			name = LaunchScreen.storyboard;
			sourceTree = "<group>";
		};
/* End PBXVariantGroup section */

/* Begin XCBuildConfiguration section */
		48D90FBB1C047DD900693E17 /* Debug */ = {
			isa = XCBuildConfiguration;
			buildSettings = {
				ALWAYS_SEARCH_USER_PATHS = NO;
				CLANG_CXX_LANGUAGE_STANDARD = "gnu++0x";
				CLANG_CXX_LIBRARY = "libc++";
				CLANG_ENABLE_MODULES = YES;
				CLANG_ENABLE_OBJC_ARC = YES;
				CLANG_WARN_BOOL_CONVERSION = YES;
				CLANG_WARN_CONSTANT_CONVERSION = YES;
				CLANG_WARN_DIRECT_OBJC_ISA_USAGE = YES_ERROR;
				CLANG_WARN_EMPTY_BODY = YES;
				CLANG_WARN_ENUM_CONVERSION = YES;
				CLANG_WARN_INT_CONVERSION = YES;
				CLANG_WARN_OBJC_ROOT_CLASS = YES_ERROR;
				CLANG_WARN_UNREACHABLE_CODE = YES;
				CLANG_WARN__DUPLICATE_METHOD_MATCH = YES;
				"CODE_SIGN_IDENTITY[sdk=iphoneos*]" = "iPhone Developer";
				COPY_PHASE_STRIP = NO;
				DEBUG_INFORMATION_FORMAT = dwarf;
				ENABLE_STRICT_OBJC_MSGSEND = YES;
				ENABLE_TESTABILITY = YES;
				GCC_C_LANGUAGE_STANDARD = gnu99;
				GCC_DYNAMIC_NO_PIC = NO;
				GCC_NO_COMMON_BLOCKS = YES;
				GCC_OPTIMIZATION_LEVEL = 0;
				GCC_PREPROCESSOR_DEFINITIONS = (
					"DEBUG=1",
					"$(inherited)",
				);
				GCC_WARN_64_TO_32_BIT_CONVERSION = YES;
				GCC_WARN_ABOUT_RETURN_TYPE = YES_ERROR;
				GCC_WARN_UNDECLARED_SELECTOR = YES;
				GCC_WARN_UNINITIALIZED_AUTOS = YES_AGGRESSIVE;
				GCC_WARN_UNUSED_FUNCTION = YES;
				GCC_WARN_UNUSED_VARIABLE = YES;
				IPHONEOS_DEPLOYMENT_TARGET = 9.1;
				MTL_ENABLE_DEBUG_INFO = YES;
				ONLY_ACTIVE_ARCH = YES;
				SDKROOT = iphoneos;
				SWIFT_OPTIMIZATION_LEVEL = "-Onone";
			};
			name = Debug;
		};
		48D90FBC1C047DD900693E17 /* Release */ = {
			isa = XCBuildConfiguration;
			buildSettings = {
				ALWAYS_SEARCH_USER_PATHS = NO;
				CLANG_CXX_LANGUAGE_STANDARD = "gnu++0x";
				CLANG_CXX_LIBRARY = "libc++";
				CLANG_ENABLE_MODULES = YES;
				CLANG_ENABLE_OBJC_ARC = YES;
				CLANG_WARN_BOOL_CONVERSION = YES;
				CLANG_WARN_CONSTANT_CONVERSION = YES;
				CLANG_WARN_DIRECT_OBJC_ISA_USAGE = YES_ERROR;
				CLANG_WARN_EMPTY_BODY = YES;
				CLANG_WARN_ENUM_CONVERSION = YES;
				CLANG_WARN_INT_CONVERSION = YES;
				CLANG_WARN_OBJC_ROOT_CLASS = YES_ERROR;
				CLANG_WARN_UNREACHABLE_CODE = YES;
				CLANG_WARN__DUPLICATE_METHOD_MATCH = YES;
				"CODE_SIGN_IDENTITY[sdk=iphoneos*]" = "iPhone Developer";
				COPY_PHASE_STRIP = NO;
				DEBUG_INFORMATION_FORMAT = "dwarf-with-dsym";
				ENABLE_NS_ASSERTIONS = NO;
				ENABLE_STRICT_OBJC_MSGSEND = YES;
				GCC_C_LANGUAGE_STANDARD = gnu99;
				GCC_NO_COMMON_BLOCKS = YES;
				GCC_WARN_64_TO_32_BIT_CONVERSION = YES;
				GCC_WARN_ABOUT_RETURN_TYPE = YES_ERROR;
				GCC_WARN_UNDECLARED_SELECTOR = YES;
				GCC_WARN_UNINITIALIZED_AUTOS = YES_AGGRESSIVE;
				GCC_WARN_UNUSED_FUNCTION = YES;
				GCC_WARN_UNUSED_VARIABLE = YES;
				IPHONEOS_DEPLOYMENT_TARGET = 9.1;
				MTL_ENABLE_DEBUG_INFO = NO;
				SDKROOT = iphoneos;
				VALIDATE_PRODUCT = YES;
			};
			name = Release;
		};
		48D90FBE1C047DD900693E17 /* Debug */ = {
			isa = XCBuildConfiguration;
			buildSettings = {
				ASSETCATALOG_COMPILER_APPICON_NAME = AppIcon;
				INFOPLIST_FILE = nomi/Info.plist;
				IPHONEOS_DEPLOYMENT_TARGET = 7.1;
				LD_RUNPATH_SEARCH_PATHS = "$(inherited) @executable_path/Frameworks";
				PRODUCT_BUNDLE_IDENTIFIER = "University-of-Aveiro.nomi";
				PRODUCT_NAME = "$(TARGET_NAME)";
			};
			name = Debug;
		};
		48D90FBF1C047DD900693E17 /* Release */ = {
			isa = XCBuildConfiguration;
			buildSettings = {
				ASSETCATALOG_COMPILER_APPICON_NAME = AppIcon;
				INFOPLIST_FILE = nomi/Info.plist;
				IPHONEOS_DEPLOYMENT_TARGET = 7.1;
				LD_RUNPATH_SEARCH_PATHS = "$(inherited) @executable_path/Frameworks";
				PRODUCT_BUNDLE_IDENTIFIER = "University-of-Aveiro.nomi";
				PRODUCT_NAME = "$(TARGET_NAME)";
			};
			name = Release;
		};
/* End XCBuildConfiguration section */

/* Begin XCConfigurationList section */
		48D90FA61C047DD900693E17 /* Build configuration list for PBXProject "nomi" */ = {
			isa = XCConfigurationList;
			buildConfigurations = (
				48D90FBB1C047DD900693E17 /* Debug */,
				48D90FBC1C047DD900693E17 /* Release */,
			);
			defaultConfigurationIsVisible = 0;
			defaultConfigurationName = Release;
		};
		48D90FBD1C047DD900693E17 /* Build configuration list for PBXNativeTarget "nomi" */ = {
			isa = XCConfigurationList;
			buildConfigurations = (
				48D90FBE1C047DD900693E17 /* Debug */,
				48D90FBF1C047DD900693E17 /* Release */,
			);
			defaultConfigurationIsVisible = 0;
		};
/* End XCConfigurationList section */
	};
	rootObject = 48D90FA31C047DD900693E17 /* Project object */;
}
