// !$*UTF8*$!
{
	archiveVersion = 1;
	classes = {
	};
	objectVersion = 46;
	objects = {

/* Begin PBXBuildFile section */
		481557371C306EBB0025CA54 /* Contacts.swift in Sources */ = {isa = PBXBuildFile; fileRef = 481557361C306EBB0025CA54 /* Contacts.swift */; };
		4815573C1C3083820025CA54 /* ContactCell.swift in Sources */ = {isa = PBXBuildFile; fileRef = 4815573B1C3083820025CA54 /* ContactCell.swift */; };
		481F2C901C32DC690002DC3C /* ContactDetailsCell.swift in Sources */ = {isa = PBXBuildFile; fileRef = 481F2C8F1C32DC690002DC3C /* ContactDetailsCell.swift */; };
		481F2C961C3356DF0002DC3C /* ScannedViewController.swift in Sources */ = {isa = PBXBuildFile; fileRef = 481F2C951C3356DF0002DC3C /* ScannedViewController.swift */; };
		488003C01C3409A500D8D5CB /* SwiftyJSON.swift in Sources */ = {isa = PBXBuildFile; fileRef = 488003BF1C3409A500D8D5CB /* SwiftyJSON.swift */; };
		4883003A1C0663E400C2B25F /* ShareViewController.swift in Sources */ = {isa = PBXBuildFile; fileRef = 488300391C0663E400C2B25F /* ShareViewController.swift */; };
		4883003C1C06641D00C2B25F /* ContactsViewController.swift in Sources */ = {isa = PBXBuildFile; fileRef = 4883003B1C06641D00C2B25F /* ContactsViewController.swift */; };
		4883003E1C06642B00C2B25F /* ProfilesViewController.swift in Sources */ = {isa = PBXBuildFile; fileRef = 4883003D1C06642B00C2B25F /* ProfilesViewController.swift */; };
		488300401C06643A00C2B25F /* SettingsViewController.swift in Sources */ = {isa = PBXBuildFile; fileRef = 4883003F1C06643A00C2B25F /* SettingsViewController.swift */; };
		48C75BF31C31F30D006908B3 /* ContactDetailsController.swift in Sources */ = {isa = PBXBuildFile; fileRef = 48C75BF21C31F30D006908B3 /* ContactDetailsController.swift */; };
		48C75C131C32111B006908B3 /* FAKFontAwesome.m in Sources */ = {isa = PBXBuildFile; fileRef = 48C75BFF1C32111B006908B3 /* FAKFontAwesome.m */; };
		48C75C141C32111B006908B3 /* FAKFoundationIcons.m in Sources */ = {isa = PBXBuildFile; fileRef = 48C75C011C32111B006908B3 /* FAKFoundationIcons.m */; };
		48C75C151C32111B006908B3 /* FAKIcon.m in Sources */ = {isa = PBXBuildFile; fileRef = 48C75C031C32111B006908B3 /* FAKIcon.m */; };
		48C75C161C32111B006908B3 /* FAKIonIcons.m in Sources */ = {isa = PBXBuildFile; fileRef = 48C75C051C32111B006908B3 /* FAKIonIcons.m */; };
		48C75C171C32111B006908B3 /* FAKMaterialIcons.m in Sources */ = {isa = PBXBuildFile; fileRef = 48C75C071C32111B006908B3 /* FAKMaterialIcons.m */; };
		48C75C181C32111B006908B3 /* FAKOcticons.m in Sources */ = {isa = PBXBuildFile; fileRef = 48C75C091C32111B006908B3 /* FAKOcticons.m */; };
		48C75C191C32111B006908B3 /* FAKZocial.m in Sources */ = {isa = PBXBuildFile; fileRef = 48C75C0B1C32111B006908B3 /* FAKZocial.m */; };
		48C75C1A1C32111B006908B3 /* FontAwesome.otf in Resources */ = {isa = PBXBuildFile; fileRef = 48C75C0C1C32111B006908B3 /* FontAwesome.otf */; };
		48C75C1B1C32111B006908B3 /* foundation-icons.ttf in Resources */ = {isa = PBXBuildFile; fileRef = 48C75C0E1C32111B006908B3 /* foundation-icons.ttf */; };
		48C75C1C1C32111B006908B3 /* ionicons.ttf in Resources */ = {isa = PBXBuildFile; fileRef = 48C75C0F1C32111B006908B3 /* ionicons.ttf */; };
		48C75C1D1C32111B006908B3 /* Material-Design-Iconic-Font.ttf in Resources */ = {isa = PBXBuildFile; fileRef = 48C75C101C32111B006908B3 /* Material-Design-Iconic-Font.ttf */; };
		48C75C1E1C32111B006908B3 /* octicons.ttf in Resources */ = {isa = PBXBuildFile; fileRef = 48C75C111C32111B006908B3 /* octicons.ttf */; };
		48C75C1F1C32111B006908B3 /* zocial-regular-webfont.ttf in Resources */ = {isa = PBXBuildFile; fileRef = 48C75C121C32111B006908B3 /* zocial-regular-webfont.ttf */; };
		48CB89ED1C2AE9B900156B25 /* UserInfo.swift in Sources */ = {isa = PBXBuildFile; fileRef = 48CB89EC1C2AE9B900156B25 /* UserInfo.swift */; };
		48CB89F01C2AF91900156B25 /* UserProfiles.swift in Sources */ = {isa = PBXBuildFile; fileRef = 48CB89EF1C2AF91900156B25 /* UserProfiles.swift */; };
		48CB89F21C2AFA6300156B25 /* Profile.swift in Sources */ = {isa = PBXBuildFile; fileRef = 48CB89F11C2AFA6300156B25 /* Profile.swift */; };
		48CB89F41C2AFC2500156B25 /* ProfileAttribute.swift in Sources */ = {isa = PBXBuildFile; fileRef = 48CB89F31C2AFC2500156B25 /* ProfileAttribute.swift */; };
		48D90FAF1C047DD900693E17 /* AppDelegate.swift in Sources */ = {isa = PBXBuildFile; fileRef = 48D90FAE1C047DD900693E17 /* AppDelegate.swift */; };
		48D90FB11C047DD900693E17 /* ViewController.swift in Sources */ = {isa = PBXBuildFile; fileRef = 48D90FB01C047DD900693E17 /* ViewController.swift */; };
		48D90FB41C047DD900693E17 /* Main.storyboard in Resources */ = {isa = PBXBuildFile; fileRef = 48D90FB21C047DD900693E17 /* Main.storyboard */; };
		48D90FB61C047DD900693E17 /* Assets.xcassets in Resources */ = {isa = PBXBuildFile; fileRef = 48D90FB51C047DD900693E17 /* Assets.xcassets */; };
		48D90FB91C047DD900693E17 /* LaunchScreen.storyboard in Resources */ = {isa = PBXBuildFile; fileRef = 48D90FB71C047DD900693E17 /* LaunchScreen.storyboard */; };
		48F0429C1C3B3012004D575A /* ProfileDetailsViewController.swift in Sources */ = {isa = PBXBuildFile; fileRef = 48F0429A1C3B3012004D575A /* ProfileDetailsViewController.swift */; };
		48F6B9D11C39E45200F345E9 /* ProfileCell.swift in Sources */ = {isa = PBXBuildFile; fileRef = 48F6B9D01C39E45200F345E9 /* ProfileCell.swift */; };
		48F7828E1C2B89790080ADA7 /* ScanViewController.swift in Sources */ = {isa = PBXBuildFile; fileRef = 48F7828D1C2B89790080ADA7 /* ScanViewController.swift */; };
		48F9FA8B1C06793E00DAAFA3 /* RegisterViewController.swift in Sources */ = {isa = PBXBuildFile; fileRef = 48F9FA8A1C06793E00DAAFA3 /* RegisterViewController.swift */; };
		48F9FA8F1C0690CF00DAAFA3 /* nomi_splash2.jpg in Resources */ = {isa = PBXBuildFile; fileRef = 48F9FA8E1C0690CF00DAAFA3 /* nomi_splash2.jpg */; };
		48F9FA951C069C3800DAAFA3 /* nav_bar@2x.jpg in Resources */ = {isa = PBXBuildFile; fileRef = 48F9FA941C069C3800DAAFA3 /* nav_bar@2x.jpg */; };
		B51AE8011C39DB0700F73F37 /* ProfileCreateViewController.swift in Sources */ = {isa = PBXBuildFile; fileRef = B51AE8001C39DB0700F73F37 /* ProfileCreateViewController.swift */; };
		C16A96A34011A93AFD14C7EA /* ProfileDetailsCell.swift in Sources */ = {isa = PBXBuildFile; fileRef = C16A9766CD9C473FEDA2B8E5 /* ProfileDetailsCell.swift */; };
/* End PBXBuildFile section */

/* Begin PBXFileReference section */
		481557361C306EBB0025CA54 /* Contacts.swift */ = {isa = PBXFileReference; fileEncoding = 4; lastKnownFileType = sourcecode.swift; path = Contacts.swift; sourceTree = "<group>"; };
		4815573B1C3083820025CA54 /* ContactCell.swift */ = {isa = PBXFileReference; fileEncoding = 4; lastKnownFileType = sourcecode.swift; path = ContactCell.swift; sourceTree = "<group>"; };
		481557471C30C1620025CA54 /* nomi-Bridging-Header.h */ = {isa = PBXFileReference; lastKnownFileType = sourcecode.c.h; path = "nomi-Bridging-Header.h"; sourceTree = "<group>"; };
		481F2C8F1C32DC690002DC3C /* ContactDetailsCell.swift */ = {isa = PBXFileReference; fileEncoding = 4; lastKnownFileType = sourcecode.swift; path = ContactDetailsCell.swift; sourceTree = "<group>"; };
		481F2C951C3356DF0002DC3C /* ScannedViewController.swift */ = {isa = PBXFileReference; fileEncoding = 4; lastKnownFileType = sourcecode.swift; path = ScannedViewController.swift; sourceTree = "<group>"; };
		488003BF1C3409A500D8D5CB /* SwiftyJSON.swift */ = {isa = PBXFileReference; fileEncoding = 4; lastKnownFileType = sourcecode.swift; path = SwiftyJSON.swift; sourceTree = "<group>"; };
		488300391C0663E400C2B25F /* ShareViewController.swift */ = {isa = PBXFileReference; fileEncoding = 4; lastKnownFileType = sourcecode.swift; path = ShareViewController.swift; sourceTree = "<group>"; };
		4883003B1C06641D00C2B25F /* ContactsViewController.swift */ = {isa = PBXFileReference; fileEncoding = 4; lastKnownFileType = sourcecode.swift; path = ContactsViewController.swift; sourceTree = "<group>"; };
		4883003D1C06642B00C2B25F /* ProfilesViewController.swift */ = {isa = PBXFileReference; fileEncoding = 4; lastKnownFileType = sourcecode.swift; path = ProfilesViewController.swift; sourceTree = "<group>"; };
		4883003F1C06643A00C2B25F /* SettingsViewController.swift */ = {isa = PBXFileReference; fileEncoding = 4; lastKnownFileType = sourcecode.swift; path = SettingsViewController.swift; sourceTree = "<group>"; };
		48C75BF21C31F30D006908B3 /* ContactDetailsController.swift */ = {isa = PBXFileReference; fileEncoding = 4; lastKnownFileType = sourcecode.swift; path = ContactDetailsController.swift; sourceTree = "<group>"; };
		48C75BFE1C32111B006908B3 /* FAKFontAwesome.h */ = {isa = PBXFileReference; fileEncoding = 4; lastKnownFileType = sourcecode.c.h; path = FAKFontAwesome.h; sourceTree = "<group>"; };
		48C75BFF1C32111B006908B3 /* FAKFontAwesome.m */ = {isa = PBXFileReference; fileEncoding = 4; lastKnownFileType = sourcecode.c.objc; path = FAKFontAwesome.m; sourceTree = "<group>"; };
		48C75C001C32111B006908B3 /* FAKFoundationIcons.h */ = {isa = PBXFileReference; fileEncoding = 4; lastKnownFileType = sourcecode.c.h; path = FAKFoundationIcons.h; sourceTree = "<group>"; };
		48C75C011C32111B006908B3 /* FAKFoundationIcons.m */ = {isa = PBXFileReference; fileEncoding = 4; lastKnownFileType = sourcecode.c.objc; path = FAKFoundationIcons.m; sourceTree = "<group>"; };
		48C75C021C32111B006908B3 /* FAKIcon.h */ = {isa = PBXFileReference; fileEncoding = 4; lastKnownFileType = sourcecode.c.h; path = FAKIcon.h; sourceTree = "<group>"; };
		48C75C031C32111B006908B3 /* FAKIcon.m */ = {isa = PBXFileReference; fileEncoding = 4; lastKnownFileType = sourcecode.c.objc; path = FAKIcon.m; sourceTree = "<group>"; };
		48C75C041C32111B006908B3 /* FAKIonIcons.h */ = {isa = PBXFileReference; fileEncoding = 4; lastKnownFileType = sourcecode.c.h; path = FAKIonIcons.h; sourceTree = "<group>"; };
		48C75C051C32111B006908B3 /* FAKIonIcons.m */ = {isa = PBXFileReference; fileEncoding = 4; lastKnownFileType = sourcecode.c.objc; path = FAKIonIcons.m; sourceTree = "<group>"; };
		48C75C061C32111B006908B3 /* FAKMaterialIcons.h */ = {isa = PBXFileReference; fileEncoding = 4; lastKnownFileType = sourcecode.c.h; path = FAKMaterialIcons.h; sourceTree = "<group>"; };
		48C75C071C32111B006908B3 /* FAKMaterialIcons.m */ = {isa = PBXFileReference; fileEncoding = 4; lastKnownFileType = sourcecode.c.objc; path = FAKMaterialIcons.m; sourceTree = "<group>"; };
		48C75C081C32111B006908B3 /* FAKOcticons.h */ = {isa = PBXFileReference; fileEncoding = 4; lastKnownFileType = sourcecode.c.h; path = FAKOcticons.h; sourceTree = "<group>"; };
		48C75C091C32111B006908B3 /* FAKOcticons.m */ = {isa = PBXFileReference; fileEncoding = 4; lastKnownFileType = sourcecode.c.objc; path = FAKOcticons.m; sourceTree = "<group>"; };
		48C75C0A1C32111B006908B3 /* FAKZocial.h */ = {isa = PBXFileReference; fileEncoding = 4; lastKnownFileType = sourcecode.c.h; path = FAKZocial.h; sourceTree = "<group>"; };
		48C75C0B1C32111B006908B3 /* FAKZocial.m */ = {isa = PBXFileReference; fileEncoding = 4; lastKnownFileType = sourcecode.c.objc; path = FAKZocial.m; sourceTree = "<group>"; };
		48C75C0C1C32111B006908B3 /* FontAwesome.otf */ = {isa = PBXFileReference; lastKnownFileType = file; path = FontAwesome.otf; sourceTree = "<group>"; };
		48C75C0D1C32111B006908B3 /* FontAwesomeKit.h */ = {isa = PBXFileReference; fileEncoding = 4; lastKnownFileType = sourcecode.c.h; path = FontAwesomeKit.h; sourceTree = "<group>"; };
		48C75C0E1C32111B006908B3 /* foundation-icons.ttf */ = {isa = PBXFileReference; lastKnownFileType = file; path = "foundation-icons.ttf"; sourceTree = "<group>"; };
		48C75C0F1C32111B006908B3 /* ionicons.ttf */ = {isa = PBXFileReference; lastKnownFileType = file; path = ionicons.ttf; sourceTree = "<group>"; };
		48C75C101C32111B006908B3 /* Material-Design-Iconic-Font.ttf */ = {isa = PBXFileReference; lastKnownFileType = file; path = "Material-Design-Iconic-Font.ttf"; sourceTree = "<group>"; };
		48C75C111C32111B006908B3 /* octicons.ttf */ = {isa = PBXFileReference; lastKnownFileType = file; path = octicons.ttf; sourceTree = "<group>"; };
		48C75C121C32111B006908B3 /* zocial-regular-webfont.ttf */ = {isa = PBXFileReference; lastKnownFileType = file; path = "zocial-regular-webfont.ttf"; sourceTree = "<group>"; };
		48CB89EC1C2AE9B900156B25 /* UserInfo.swift */ = {isa = PBXFileReference; fileEncoding = 4; lastKnownFileType = sourcecode.swift; path = UserInfo.swift; sourceTree = "<group>"; };
		48CB89EF1C2AF91900156B25 /* UserProfiles.swift */ = {isa = PBXFileReference; fileEncoding = 4; lastKnownFileType = sourcecode.swift; path = UserProfiles.swift; sourceTree = "<group>"; };
		48CB89F11C2AFA6300156B25 /* Profile.swift */ = {isa = PBXFileReference; fileEncoding = 4; lastKnownFileType = sourcecode.swift; path = Profile.swift; sourceTree = "<group>"; };
		48CB89F31C2AFC2500156B25 /* ProfileAttribute.swift */ = {isa = PBXFileReference; fileEncoding = 4; lastKnownFileType = sourcecode.swift; path = ProfileAttribute.swift; sourceTree = "<group>"; };
		48D90FAB1C047DD900693E17 /* nomi.app */ = {isa = PBXFileReference; explicitFileType = wrapper.application; includeInIndex = 0; path = nomi.app; sourceTree = BUILT_PRODUCTS_DIR; };
		48D90FAE1C047DD900693E17 /* AppDelegate.swift */ = {isa = PBXFileReference; lastKnownFileType = sourcecode.swift; path = AppDelegate.swift; sourceTree = "<group>"; };
		48D90FB01C047DD900693E17 /* ViewController.swift */ = {isa = PBXFileReference; lastKnownFileType = sourcecode.swift; path = ViewController.swift; sourceTree = "<group>"; };
		48D90FB31C047DD900693E17 /* Base */ = {isa = PBXFileReference; lastKnownFileType = file.storyboard; name = Base; path = Base.lproj/Main.storyboard; sourceTree = "<group>"; };
		48D90FB51C047DD900693E17 /* Assets.xcassets */ = {isa = PBXFileReference; lastKnownFileType = folder.assetcatalog; path = Assets.xcassets; sourceTree = "<group>"; };
		48D90FB81C047DD900693E17 /* Base */ = {isa = PBXFileReference; lastKnownFileType = file.storyboard; name = Base; path = Base.lproj/LaunchScreen.storyboard; sourceTree = "<group>"; };
		48D90FBA1C047DD900693E17 /* Info.plist */ = {isa = PBXFileReference; lastKnownFileType = text.plist.xml; path = Info.plist; sourceTree = "<group>"; };
		48F0429A1C3B3012004D575A /* ProfileDetailsViewController.swift */ = {isa = PBXFileReference; fileEncoding = 4; lastKnownFileType = sourcecode.swift; path = ProfileDetailsViewController.swift; sourceTree = "<group>"; };
		48F6B9D01C39E45200F345E9 /* ProfileCell.swift */ = {isa = PBXFileReference; fileEncoding = 4; lastKnownFileType = sourcecode.swift; path = ProfileCell.swift; sourceTree = "<group>"; };
		48F7828D1C2B89790080ADA7 /* ScanViewController.swift */ = {isa = PBXFileReference; fileEncoding = 4; lastKnownFileType = sourcecode.swift; path = ScanViewController.swift; sourceTree = "<group>"; };
		48F9FA8A1C06793E00DAAFA3 /* RegisterViewController.swift */ = {isa = PBXFileReference; fileEncoding = 4; lastKnownFileType = sourcecode.swift; path = RegisterViewController.swift; sourceTree = "<group>"; };
		48F9FA8E1C0690CF00DAAFA3 /* nomi_splash2.jpg */ = {isa = PBXFileReference; lastKnownFileType = image.jpeg; name = nomi_splash2.jpg; path = images/nomi_splash2.jpg; sourceTree = "<group>"; };
		48F9FA941C069C3800DAAFA3 /* nav_bar@2x.jpg */ = {isa = PBXFileReference; lastKnownFileType = image.jpeg; name = "nav_bar@2x.jpg"; path = "images/nav_bar@2x.jpg"; sourceTree = "<group>"; };
		B51AE8001C39DB0700F73F37 /* ProfileCreateViewController.swift */ = {isa = PBXFileReference; fileEncoding = 4; lastKnownFileType = sourcecode.swift; path = ProfileCreateViewController.swift; sourceTree = "<group>"; };
		C16A9766CD9C473FEDA2B8E5 /* ProfileDetailsCell.swift */ = {isa = PBXFileReference; fileEncoding = 4; lastKnownFileType = sourcecode.swift; path = ProfileDetailsCell.swift; sourceTree = "<group>"; };
/* End PBXFileReference section */

/* Begin PBXFrameworksBuildPhase section */
		48D90FA81C047DD900693E17 /* Frameworks */ = {
			isa = PBXFrameworksBuildPhase;
			buildActionMask = 2147483647;
			files = (
			);
			runOnlyForDeploymentPostprocessing = 0;
		};
/* End PBXFrameworksBuildPhase section */

/* Begin PBXGroup section */
		481557381C3083310025CA54 /* Custom Cells */ = {
			isa = PBXGroup;
			children = (
				4815573B1C3083820025CA54 /* ContactCell.swift */,
				481F2C8F1C32DC690002DC3C /* ContactDetailsCell.swift */,
				48F6B9D01C39E45200F345E9 /* ProfileCell.swift */,
				C16A9766CD9C473FEDA2B8E5 /* ProfileDetailsCell.swift */,
			);
			name = "Custom Cells";
			sourceTree = "<group>";
		};
		481557431C30BC3E0025CA54 /* CommonCrypto */ = {
			isa = PBXGroup;
			children = (
			);
			name = CommonCrypto;
			sourceTree = "<group>";
		};
		48C75BFD1C3210DD006908B3 /* FontAwesome */ = {
			isa = PBXGroup;
			children = (
				48C75BFE1C32111B006908B3 /* FAKFontAwesome.h */,
				48C75BFF1C32111B006908B3 /* FAKFontAwesome.m */,
				48C75C001C32111B006908B3 /* FAKFoundationIcons.h */,
				48C75C011C32111B006908B3 /* FAKFoundationIcons.m */,
				48C75C021C32111B006908B3 /* FAKIcon.h */,
				48C75C031C32111B006908B3 /* FAKIcon.m */,
				48C75C041C32111B006908B3 /* FAKIonIcons.h */,
				48C75C051C32111B006908B3 /* FAKIonIcons.m */,
				48C75C061C32111B006908B3 /* FAKMaterialIcons.h */,
				48C75C071C32111B006908B3 /* FAKMaterialIcons.m */,
				48C75C081C32111B006908B3 /* FAKOcticons.h */,
				48C75C091C32111B006908B3 /* FAKOcticons.m */,
				48C75C0A1C32111B006908B3 /* FAKZocial.h */,
				48C75C0B1C32111B006908B3 /* FAKZocial.m */,
				48C75C0C1C32111B006908B3 /* FontAwesome.otf */,
				48C75C0D1C32111B006908B3 /* FontAwesomeKit.h */,
				48C75C0E1C32111B006908B3 /* foundation-icons.ttf */,
				48C75C0F1C32111B006908B3 /* ionicons.ttf */,
				48C75C101C32111B006908B3 /* Material-Design-Iconic-Font.ttf */,
				48C75C111C32111B006908B3 /* octicons.ttf */,
				48C75C121C32111B006908B3 /* zocial-regular-webfont.ttf */,
			);
			name = FontAwesome;
			sourceTree = "<group>";
		};
		48CB89EB1C2AE98F00156B25 /* User */ = {
			isa = PBXGroup;
			children = (
				48CB89EC1C2AE9B900156B25 /* UserInfo.swift */,
				481557361C306EBB0025CA54 /* Contacts.swift */,
			);
			name = User;
			sourceTree = "<group>";
		};
		48CB89EE1C2AF7AA00156B25 /* Profiles */ = {
			isa = PBXGroup;
			children = (
				48CB89EF1C2AF91900156B25 /* UserProfiles.swift */,
				48CB89F11C2AFA6300156B25 /* Profile.swift */,
				48CB89F31C2AFC2500156B25 /* ProfileAttribute.swift */,
			);
			name = Profiles;
			sourceTree = "<group>";
		};
		48D90FA21C047DD900693E17 = {
			isa = PBXGroup;
			children = (
				48F9FA941C069C3800DAAFA3 /* nav_bar@2x.jpg */,
				48F9FA8E1C0690CF00DAAFA3 /* nomi_splash2.jpg */,
				48D90FAD1C047DD900693E17 /* nomi */,
				48D90FAC1C047DD900693E17 /* Products */,
			);
			sourceTree = "<group>";
		};
		48D90FAC1C047DD900693E17 /* Products */ = {
			isa = PBXGroup;
			children = (
				48D90FAB1C047DD900693E17 /* nomi.app */,
			);
			name = Products;
			sourceTree = "<group>";
		};
		48D90FAD1C047DD900693E17 /* nomi */ = {
			isa = PBXGroup;
			children = (
				481557471C30C1620025CA54 /* nomi-Bridging-Header.h */,
				48C75BFD1C3210DD006908B3 /* FontAwesome */,
				481557431C30BC3E0025CA54 /* CommonCrypto */,
				481557381C3083310025CA54 /* Custom Cells */,
				48F782901C2B92860080ADA7 /* Extras */,
				48CB89EE1C2AF7AA00156B25 /* Profiles */,
				48CB89EB1C2AE98F00156B25 /* User */,
				48F7828F1C2B92550080ADA7 /* ViewControllers */,
				48D90FAE1C047DD900693E17 /* AppDelegate.swift */,
				48D90FB21C047DD900693E17 /* Main.storyboard */,
				48D90FB71C047DD900693E17 /* LaunchScreen.storyboard */,
				48D90FBA1C047DD900693E17 /* Info.plist */,
				48D90FB51C047DD900693E17 /* Assets.xcassets */,
			);
			path = nomi;
			sourceTree = "<group>";
		};
		48F7828F1C2B92550080ADA7 /* ViewControllers */ = {
			isa = PBXGroup;
			children = (
				48D90FB01C047DD900693E17 /* ViewController.swift */,
				481F2C951C3356DF0002DC3C /* ScannedViewController.swift */,
				48F9FA8A1C06793E00DAAFA3 /* RegisterViewController.swift */,
				488300391C0663E400C2B25F /* ShareViewController.swift */,
				48F7828D1C2B89790080ADA7 /* ScanViewController.swift */,
				4883003B1C06641D00C2B25F /* ContactsViewController.swift */,
				4883003D1C06642B00C2B25F /* ProfilesViewController.swift */,
				48F0429A1C3B3012004D575A /* ProfileDetailsViewController.swift */,
				B51AE8001C39DB0700F73F37 /* ProfileCreateViewController.swift */,
				4883003F1C06643A00C2B25F /* SettingsViewController.swift */,
				48C75BF21C31F30D006908B3 /* ContactDetailsController.swift */,
			);
			name = ViewControllers;
			sourceTree = "<group>";
		};
		48F782901C2B92860080ADA7 /* Extras */ = {
			isa = PBXGroup;
			children = (
				488003BF1C3409A500D8D5CB /* SwiftyJSON.swift */,
			);
			name = Extras;
			sourceTree = "<group>";
		};
/* End PBXGroup section */

/* Begin PBXNativeTarget section */
		48D90FAA1C047DD900693E17 /* nomi */ = {
			isa = PBXNativeTarget;
			buildConfigurationList = 48D90FBD1C047DD900693E17 /* Build configuration list for PBXNativeTarget "nomi" */;
			buildPhases = (
				48D90FA71C047DD900693E17 /* Sources */,
				48D90FA81C047DD900693E17 /* Frameworks */,
				48D90FA91C047DD900693E17 /* Resources */,
			);
			buildRules = (
			);
			dependencies = (
			);
			name = nomi;
			productName = nomi;
			productReference = 48D90FAB1C047DD900693E17 /* nomi.app */;
			productType = "com.apple.product-type.application";
		};
/* End PBXNativeTarget section */

/* Begin PBXProject section */
		48D90FA31C047DD900693E17 /* Project object */ = {
			isa = PBXProject;
			attributes = {
				LastSwiftUpdateCheck = 0720;
				LastUpgradeCheck = 0710;
				ORGANIZATIONNAME = "Ivo Silva";
				TargetAttributes = {
					48D90FAA1C047DD900693E17 = {
						CreatedOnToolsVersion = 7.1;
						DevelopmentTeam = Y2K462NH2D;
					};
				};
			};
			buildConfigurationList = 48D90FA61C047DD900693E17 /* Build configuration list for PBXProject "nomi" */;
			compatibilityVersion = "Xcode 3.2";
			developmentRegion = English;
			hasScannedForEncodings = 0;
			knownRegions = (
				en,
				Base,
			);
			mainGroup = 48D90FA21C047DD900693E17;
			productRefGroup = 48D90FAC1C047DD900693E17 /* Products */;
			projectDirPath = "";
			projectRoot = "";
			targets = (
				48D90FAA1C047DD900693E17 /* nomi */,
			);
		};
/* End PBXProject section */

/* Begin PBXResourcesBuildPhase section */
		48D90FA91C047DD900693E17 /* Resources */ = {
			isa = PBXResourcesBuildPhase;
			buildActionMask = 2147483647;
			files = (
				48C75C1E1C32111B006908B3 /* octicons.ttf in Resources */,
				48D90FB91C047DD900693E17 /* LaunchScreen.storyboard in Resources */,
				48D90FB61C047DD900693E17 /* Assets.xcassets in Resources */,
				48C75C1C1C32111B006908B3 /* ionicons.ttf in Resources */,
				48C75C1B1C32111B006908B3 /* foundation-icons.ttf in Resources */,
				48C75C1A1C32111B006908B3 /* FontAwesome.otf in Resources */,
				48F9FA8F1C0690CF00DAAFA3 /* nomi_splash2.jpg in Resources */,
				48D90FB41C047DD900693E17 /* Main.storyboard in Resources */,
				48C75C1D1C32111B006908B3 /* Material-Design-Iconic-Font.ttf in Resources */,
				48C75C1F1C32111B006908B3 /* zocial-regular-webfont.ttf in Resources */,
				48F9FA951C069C3800DAAFA3 /* nav_bar@2x.jpg in Resources */,
			);
			runOnlyForDeploymentPostprocessing = 0;
		};
/* End PBXResourcesBuildPhase section */

/* Begin PBXSourcesBuildPhase section */
		48D90FA71C047DD900693E17 /* Sources */ = {
			isa = PBXSourcesBuildPhase;
			buildActionMask = 2147483647;
			files = (
				48C75C161C32111B006908B3 /* FAKIonIcons.m in Sources */,
				4815573C1C3083820025CA54 /* ContactCell.swift in Sources */,
				4883003A1C0663E400C2B25F /* ShareViewController.swift in Sources */,
				4883003C1C06641D00C2B25F /* ContactsViewController.swift in Sources */,
				48C75C181C32111B006908B3 /* FAKOcticons.m in Sources */,
				48C75C191C32111B006908B3 /* FAKZocial.m in Sources */,
				48F9FA8B1C06793E00DAAFA3 /* RegisterViewController.swift in Sources */,
				48F0429C1C3B3012004D575A /* ProfileDetailsViewController.swift in Sources */,
				48C75C171C32111B006908B3 /* FAKMaterialIcons.m in Sources */,
				48F7828E1C2B89790080ADA7 /* ScanViewController.swift in Sources */,
				48CB89F01C2AF91900156B25 /* UserProfiles.swift in Sources */,
				48C75C151C32111B006908B3 /* FAKIcon.m in Sources */,
				481F2C961C3356DF0002DC3C /* ScannedViewController.swift in Sources */,
				481557371C306EBB0025CA54 /* Contacts.swift in Sources */,
				48F6B9D11C39E45200F345E9 /* ProfileCell.swift in Sources */,
				48C75C141C32111B006908B3 /* FAKFoundationIcons.m in Sources */,
				B51AE8011C39DB0700F73F37 /* ProfileCreateViewController.swift in Sources */,
				4883003E1C06642B00C2B25F /* ProfilesViewController.swift in Sources */,
				48CB89ED1C2AE9B900156B25 /* UserInfo.swift in Sources */,
				48D90FB11C047DD900693E17 /* ViewController.swift in Sources */,
				48D90FAF1C047DD900693E17 /* AppDelegate.swift in Sources */,
				488003C01C3409A500D8D5CB /* SwiftyJSON.swift in Sources */,
				48CB89F41C2AFC2500156B25 /* ProfileAttribute.swift in Sources */,
				48C75C131C32111B006908B3 /* FAKFontAwesome.m in Sources */,
				488300401C06643A00C2B25F /* SettingsViewController.swift in Sources */,
				481F2C901C32DC690002DC3C /* ContactDetailsCell.swift in Sources */,
				48CB89F21C2AFA6300156B25 /* Profile.swift in Sources */,
				48C75BF31C31F30D006908B3 /* ContactDetailsController.swift in Sources */,
				C16A96A34011A93AFD14C7EA /* ProfileDetailsCell.swift in Sources */,
			);
			runOnlyForDeploymentPostprocessing = 0;
		};
/* End PBXSourcesBuildPhase section */

/* Begin PBXVariantGroup section */
		48D90FB21C047DD900693E17 /* Main.storyboard */ = {
			isa = PBXVariantGroup;
			children = (
				48D90FB31C047DD900693E17 /* Base */,
			);
			name = Main.storyboard;
			sourceTree = "<group>";
		};
		48D90FB71C047DD900693E17 /* LaunchScreen.storyboard */ = {
			isa = PBXVariantGroup;
			children = (
				48D90FB81C047DD900693E17 /* Base */,
			);
			name = LaunchScreen.storyboard;
			sourceTree = "<group>";
		};
/* End PBXVariantGroup section */

/* Begin XCBuildConfiguration section */
		48D90FBB1C047DD900693E17 /* Debug */ = {
			isa = XCBuildConfiguration;
			buildSettings = {
				ALWAYS_SEARCH_USER_PATHS = NO;
				CLANG_CXX_LANGUAGE_STANDARD = "gnu++0x";
				CLANG_CXX_LIBRARY = "libc++";
				CLANG_ENABLE_MODULES = YES;
				CLANG_ENABLE_OBJC_ARC = YES;
				CLANG_WARN_BOOL_CONVERSION = YES;
				CLANG_WARN_CONSTANT_CONVERSION = YES;
				CLANG_WARN_DIRECT_OBJC_ISA_USAGE = YES_ERROR;
				CLANG_WARN_EMPTY_BODY = YES;
				CLANG_WARN_ENUM_CONVERSION = YES;
				CLANG_WARN_INT_CONVERSION = YES;
				CLANG_WARN_OBJC_ROOT_CLASS = YES_ERROR;
				CLANG_WARN_UNREACHABLE_CODE = YES;
				CLANG_WARN__DUPLICATE_METHOD_MATCH = YES;
				"CODE_SIGN_IDENTITY[sdk=iphoneos*]" = "iPhone Developer";
				COPY_PHASE_STRIP = NO;
				DEBUG_INFORMATION_FORMAT = dwarf;
				ENABLE_STRICT_OBJC_MSGSEND = YES;
				ENABLE_TESTABILITY = YES;
				GCC_C_LANGUAGE_STANDARD = gnu99;
				GCC_DYNAMIC_NO_PIC = NO;
				GCC_NO_COMMON_BLOCKS = YES;
				GCC_OPTIMIZATION_LEVEL = 0;
				GCC_PREPROCESSOR_DEFINITIONS = (
					"DEBUG=1",
					"$(inherited)",
				);
				GCC_WARN_64_TO_32_BIT_CONVERSION = YES;
				GCC_WARN_ABOUT_RETURN_TYPE = YES_ERROR;
				GCC_WARN_UNDECLARED_SELECTOR = YES;
				GCC_WARN_UNINITIALIZED_AUTOS = YES_AGGRESSIVE;
				GCC_WARN_UNUSED_FUNCTION = YES;
				GCC_WARN_UNUSED_VARIABLE = YES;
				IPHONEOS_DEPLOYMENT_TARGET = 9.1;
				MTL_ENABLE_DEBUG_INFO = YES;
				ONLY_ACTIVE_ARCH = YES;
				SDKROOT = iphoneos;
				SWIFT_OPTIMIZATION_LEVEL = "-Onone";
			};
			name = Debug;
		};
		48D90FBC1C047DD900693E17 /* Release */ = {
			isa = XCBuildConfiguration;
			buildSettings = {
				ALWAYS_SEARCH_USER_PATHS = NO;
				CLANG_CXX_LANGUAGE_STANDARD = "gnu++0x";
				CLANG_CXX_LIBRARY = "libc++";
				CLANG_ENABLE_MODULES = YES;
				CLANG_ENABLE_OBJC_ARC = YES;
				CLANG_WARN_BOOL_CONVERSION = YES;
				CLANG_WARN_CONSTANT_CONVERSION = YES;
				CLANG_WARN_DIRECT_OBJC_ISA_USAGE = YES_ERROR;
				CLANG_WARN_EMPTY_BODY = YES;
				CLANG_WARN_ENUM_CONVERSION = YES;
				CLANG_WARN_INT_CONVERSION = YES;
				CLANG_WARN_OBJC_ROOT_CLASS = YES_ERROR;
				CLANG_WARN_UNREACHABLE_CODE = YES;
				CLANG_WARN__DUPLICATE_METHOD_MATCH = YES;
				"CODE_SIGN_IDENTITY[sdk=iphoneos*]" = "iPhone Developer";
				COPY_PHASE_STRIP = NO;
				DEBUG_INFORMATION_FORMAT = "dwarf-with-dsym";
				ENABLE_NS_ASSERTIONS = NO;
				ENABLE_STRICT_OBJC_MSGSEND = YES;
				GCC_C_LANGUAGE_STANDARD = gnu99;
				GCC_NO_COMMON_BLOCKS = YES;
				GCC_WARN_64_TO_32_BIT_CONVERSION = YES;
				GCC_WARN_ABOUT_RETURN_TYPE = YES_ERROR;
				GCC_WARN_UNDECLARED_SELECTOR = YES;
				GCC_WARN_UNINITIALIZED_AUTOS = YES_AGGRESSIVE;
				GCC_WARN_UNUSED_FUNCTION = YES;
				GCC_WARN_UNUSED_VARIABLE = YES;
				IPHONEOS_DEPLOYMENT_TARGET = 9.1;
				MTL_ENABLE_DEBUG_INFO = NO;
				SDKROOT = iphoneos;
				VALIDATE_PRODUCT = YES;
			};
			name = Release;
		};
		48D90FBE1C047DD900693E17 /* Debug */ = {
			isa = XCBuildConfiguration;
			buildSettings = {
				ASSETCATALOG_COMPILER_APPICON_NAME = AppIcon;
				ASSETCATALOG_COMPILER_LAUNCHIMAGE_NAME = "Brand Assets-2";
				CLANG_ENABLE_MODULES = YES;
				CODE_SIGN_IDENTITY = "iPhone Developer";
				"CODE_SIGN_IDENTITY[sdk=iphoneos*]" = "iPhone Developer";
				INFOPLIST_FILE = nomi/Info.plist;
				IPHONEOS_DEPLOYMENT_TARGET = 7.1;
				LD_RUNPATH_SEARCH_PATHS = "$(inherited) @executable_path/Frameworks";
				PRODUCT_BUNDLE_IDENTIFIER = "University-of-Aveiro.nomi";
				PRODUCT_NAME = "$(TARGET_NAME)";
				PROVISIONING_PROFILE = "";
				"SWIFT_INCLUDE_PATHS[arch=*]" = CommonCrypto;
				SWIFT_OBJC_BRIDGING_HEADER = "nomi/nomi-Bridging-Header.h";
				SWIFT_OPTIMIZATION_LEVEL = "-Onone";
			};
			name = Debug;
		};
		48D90FBF1C047DD900693E17 /* Release */ = {
			isa = XCBuildConfiguration;
			buildSettings = {
				ASSETCATALOG_COMPILER_APPICON_NAME = AppIcon;
				ASSETCATALOG_COMPILER_LAUNCHIMAGE_NAME = "Brand Assets-2";
				CLANG_ENABLE_MODULES = YES;
				CODE_SIGN_IDENTITY = "iPhone Developer";
				"CODE_SIGN_IDENTITY[sdk=iphoneos*]" = "iPhone Developer";
				INFOPLIST_FILE = nomi/Info.plist;
				IPHONEOS_DEPLOYMENT_TARGET = 7.1;
				LD_RUNPATH_SEARCH_PATHS = "$(inherited) @executable_path/Frameworks";
				PRODUCT_BUNDLE_IDENTIFIER = "University-of-Aveiro.nomi";
				PRODUCT_NAME = "$(TARGET_NAME)";
				PROVISIONING_PROFILE = "";
				SWIFT_INCLUDE_PATHS = "";
				"SWIFT_INCLUDE_PATHS[arch=*]" = CommonCrypto;
				SWIFT_OBJC_BRIDGING_HEADER = "nomi/nomi-Bridging-Header.h";
			};
			name = Release;
		};
/* End XCBuildConfiguration section */

/* Begin XCConfigurationList section */
		48D90FA61C047DD900693E17 /* Build configuration list for PBXProject "nomi" */ = {
			isa = XCConfigurationList;
			buildConfigurations = (
				48D90FBB1C047DD900693E17 /* Debug */,
				48D90FBC1C047DD900693E17 /* Release */,
			);
			defaultConfigurationIsVisible = 0;
			defaultConfigurationName = Release;
		};
		48D90FBD1C047DD900693E17 /* Build configuration list for PBXNativeTarget "nomi" */ = {
			isa = XCConfigurationList;
			buildConfigurations = (
				48D90FBE1C047DD900693E17 /* Debug */,
				48D90FBF1C047DD900693E17 /* Release */,
			);
			defaultConfigurationIsVisible = 0;
			defaultConfigurationName = Release;
		};
/* End XCConfigurationList section */
	};
	rootObject = 48D90FA31C047DD900693E17 /* Project object */;
}
